
Microsoft Visual Studio Solution File, Format Version 12.00
Project("{2150E333-8FDC-42A3-9474-1A3956D46DE8}") = "Tests", "Tests", "{AFF7FC74-7B54-4A72-AD4D-8073D3BC2A29}"
EndProject
Project("{FAE04EC0-301F-11D3-BF4B-00C04F79EFBC}") = "ParameterStoreDemo.Infrastructure", "src\ParameterStore.Infrastructure\ParameterStoreDemo.Infrastructure.csproj", "{60AA6918-9346-4CEA-A633-34E49A187A45}"
EndProject
Project("{FAE04EC0-301F-11D3-BF4B-00C04F79EFBC}") = "ParameterStoreDemo.Lambda", "src\ParameterStore.Lambda\ParameterStoreDemo.Lambda.csproj", "{9489D575-BD5D-4662-85EC-2CCFF2686F11}"
EndProject
Project("{FAE04EC0-301F-11D3-BF4B-00C04F79EFBC}") = "ParameterStoreDemo.Tests", "test\ParameterStoreDemo.Tests\ParameterStoreDemo.Tests.csproj", "{039FB18B-26EE-4808-AF48-867C6A6D9F4F}"
EndProject
Global
	GlobalSection(SolutionConfigurationPlatforms) = preSolution
		Debug|Any CPU = Debug|Any CPU
		Release|Any CPU = Release|Any CPU
	EndGlobalSection
	GlobalSection(ProjectConfigurationPlatforms) = postSolution
		{60AA6918-9346-4CEA-A633-34E49A187A45}.Debug|Any CPU.ActiveCfg = Debug|Any CPU
		{60AA6918-9346-4CEA-A633-34E49A187A45}.Debug|Any CPU.Build.0 = Debug|Any CPU
		{60AA6918-9346-4CEA-A633-34E49A187A45}.Release|Any CPU.ActiveCfg = Release|Any CPU
		{60AA6918-9346-4CEA-A633-34E49A187A45}.Release|Any CPU.Build.0 = Release|Any CPU
		{9489D575-BD5D-4662-85EC-2CCFF2686F11}.Debug|Any CPU.ActiveCfg = Debug|Any CPU
		{9489D575-BD5D-4662-85EC-2CCFF2686F11}.Debug|Any CPU.Build.0 = Debug|Any CPU
		{9489D575-BD5D-4662-85EC-2CCFF2686F11}.Release|Any CPU.ActiveCfg = Release|Any CPU
		{9489D575-BD5D-4662-85EC-2CCFF2686F11}.Release|Any CPU.Build.0 = Release|Any CPU
		{039FB18B-26EE-4808-AF48-867C6A6D9F4F}.Debug|Any CPU.ActiveCfg = Debug|Any CPU
		{039FB18B-26EE-4808-AF48-867C6A6D9F4F}.Debug|Any CPU.Build.0 = Debug|Any CPU
		{039FB18B-26EE-4808-AF48-867C6A6D9F4F}.Release|Any CPU.ActiveCfg = Release|Any CPU
		{039FB18B-26EE-4808-AF48-867C6A6D9F4F}.Release|Any CPU.Build.0 = Release|Any CPU
	EndGlobalSection
	GlobalSection(NestedProjects) = preSolution
		{039FB18B-26EE-4808-AF48-867C6A6D9F4F} = {AFF7FC74-7B54-4A72-AD4D-8073D3BC2A29}
	EndGlobalSection
EndGlobal
